
Microsoft Visual Studio Solution File, Format Version 12.00
# Visual Studio Version 16
VisualStudioVersion = 16.0.29318.209
MinimumVisualStudioVersion = 10.0.40219.1
Project("{9A19103F-16F7-4668-BE54-9A1E7A4F7556}") = "StreamServer", "StreamServer\StreamServer.csproj", "{992D2ADB-AAAD-4119-9E27-EF7012ABF587}"
EndProject
Project("{FAE04EC0-301F-11D3-BF4B-00C04F79EFBC}") = "StreamConsumerLib", "StreamConsumerLib\StreamConsumerLib.csproj", "{CFE8B71A-646C-4FD4-A42F-3F508403E9D7}"
EndProject
Project("{FAE04EC0-301F-11D3-BF4B-00C04F79EFBC}") = "StreamConsumerClient", "StreamConsumerClient\StreamConsumerClient.csproj", "{1BC59CB4-7CCC-4C67-8C05-0B6AAA74ACEC}"
EndProject
Global
	GlobalSection(SolutionConfigurationPlatforms) = preSolution
		Debug|Any CPU = Debug|Any CPU
		Release|Any CPU = Release|Any CPU
	EndGlobalSection
	GlobalSection(ProjectConfigurationPlatforms) = postSolution
		{992D2ADB-AAAD-4119-9E27-EF7012ABF587}.Debug|Any CPU.ActiveCfg = Debug|Any CPU
		{992D2ADB-AAAD-4119-9E27-EF7012ABF587}.Debug|Any CPU.Build.0 = Debug|Any CPU
		{992D2ADB-AAAD-4119-9E27-EF7012ABF587}.Release|Any CPU.ActiveCfg = Release|Any CPU
		{992D2ADB-AAAD-4119-9E27-EF7012ABF587}.Release|Any CPU.Build.0 = Release|Any CPU
		{CFE8B71A-646C-4FD4-A42F-3F508403E9D7}.Debug|Any CPU.ActiveCfg = Debug|Any CPU
		{CFE8B71A-646C-4FD4-A42F-3F508403E9D7}.Debug|Any CPU.Build.0 = Debug|Any CPU
		{CFE8B71A-646C-4FD4-A42F-3F508403E9D7}.Release|Any CPU.ActiveCfg = Release|Any CPU
		{CFE8B71A-646C-4FD4-A42F-3F508403E9D7}.Release|Any CPU.Build.0 = Release|Any CPU
		{1BC59CB4-7CCC-4C67-8C05-0B6AAA74ACEC}.Debug|Any CPU.ActiveCfg = Debug|Any CPU
		{1BC59CB4-7CCC-4C67-8C05-0B6AAA74ACEC}.Debug|Any CPU.Build.0 = Debug|Any CPU
		{1BC59CB4-7CCC-4C67-8C05-0B6AAA74ACEC}.Release|Any CPU.ActiveCfg = Release|Any CPU
		{1BC59CB4-7CCC-4C67-8C05-0B6AAA74ACEC}.Release|Any CPU.Build.0 = Release|Any CPU
	EndGlobalSection
	GlobalSection(SolutionProperties) = preSolution
		HideSolutionNode = FALSE
	EndGlobalSection
	GlobalSection(ExtensibilityGlobals) = postSolution
		SolutionGuid = {43A08CDD-591C-432F-B4E1-0C44D5191DAE}
	EndGlobalSection
EndGlobal
